<?xml version="1.0" encoding="utf-8"?>
<Project ToolsVersion="4.0" xmlns="http://schemas.microsoft.com/developer/msbuild/2003">
  <ItemGroup>
    <Filter Include="Source Files">
      <UniqueIdentifier>{bd4b8bcd-cf98-4a87-b9d6-b20d3d5d6908}</UniqueIdentifier>
      <Extensions>cpp;c;cxx;rc;def;r;odl;idl;hpj;bat</Extensions>
    </Filter>
    <Filter Include="Resource Files">
      <UniqueIdentifier>{b1528dfb-bc2c-4c83-bcf5-6fa1ba17b44a}</UniqueIdentifier>
      <Extensions>ico;cur;bmp;dlg;rc2;rct;bin;rgs;gif;jpg;jpeg;jpe</Extensions>
    </Filter>
    <Filter Include="Header Files">
      <UniqueIdentifier>{5b2458cb-a71f-497d-93db-f4a2f8d6e244}</UniqueIdentifier>
      <Extensions>h;hpp;hxx;hm;inl</Extensions>
    </Filter>
    <Filter Include="Source Files\Headers">
      <UniqueIdentifier>{45de66cf-2223-4293-9152-e0101e5f0150}</UniqueIdentifier>
    </Filter>
  </ItemGroup>
  <ItemGroup>
    <CustomBuild Include="Resources\FFusionWin32Resources.r">
      <Filter>Resource Files</Filter>
    </CustomBuild>
  </ItemGroup>
  <ItemGroup>
    <None Include="Resources\FFusion.def">
      <Filter>Resource Files</Filter>
    </None>
    <None Include="Resources\FFusionResourceInc.r">
      <Filter>Resource Files</Filter>
    </None>
    <None Include="Resources\FFusionResources.r">
      <Filter>Resource Files</Filter>
    </None>
  </ItemGroup>
  <ItemGroup>
    <ClInclude Include="bitstream_info.h">
      <Filter>Source Files\Headers</Filter>
    </ClInclude>
    <ClInclude Include="CodecIDs.h">
      <Filter>Source Files\Headers</Filter>
    </ClInclude>
    <ClInclude Include="Codecprintf.h">
      <Filter>Source Files\Headers</Filter>
    </ClInclude>
    <ClInclude Include="ColorConversions.h">
      <Filter>Source Files\Headers</Filter>
    </ClInclude>
    <ClInclude Include="CommonUtils.h">
      <Filter>Source Files\Headers</Filter>
    </ClInclude>
    <ClInclude Include="Components.k.h">
      <Filter>Source Files\Headers</Filter>
    </ClInclude>
    <ClInclude Include="ff_private.h">
      <Filter>Source Files\Headers</Filter>
    </ClInclude>
    <ClInclude Include="FFmpegUtils.h">
      <Filter>Source Files\Headers</Filter>
    </ClInclude>
    <ClInclude Include="FFusionCodecDispatch.h">
      <Filter>Source Files\Headers</Filter>
    </ClInclude>
    <ClInclude Include="FFusionResourceIDs.h">
      <Filter>Source Files\Headers</Filter>
    </ClInclude>
    <ClInclude Include="FrameBuffer.h">
      <Filter>Source Files\Headers</Filter>
    </ClInclude>
  </ItemGroup>
  <ItemGroup>
    <ClCompile Include="bitstream_info.c">
      <Filter>Source Files</Filter>
    </ClCompile>
    <ClCompile Include="codecID.c">
      <Filter>Source Files</Filter>
    </ClCompile>
    <ClCompile Include="Codecprintf.c">
      <Filter>Source Files</Filter>
    </ClCompile>
    <ClCompile Include="ColorConversions.c">
      <Filter>Source Files</Filter>
    </ClCompile>
    <ClCompile Include="CommonUtils.c">
      <Filter>Source Files</Filter>
    </ClCompile>
    <ClCompile Include="ff_private.c">
      <Filter>Source Files</Filter>
    </ClCompile>
    <ClCompile Include="FFmpegUtils.c">
      <Filter>Source Files</Filter>
    </ClCompile>
    <ClCompile Include="FFusionCodec.c">
      <Filter>Source Files</Filter>
    </ClCompile>
    <ClCompile Include="FrameBuffer.c">
      <Filter>Source Files</Filter>
    </ClCompile>
  </ItemGroup>
</Project>